
Microsoft Visual Studio Solution File, Format Version 12.00
# Visual Studio 15
VisualStudioVersion = 15.0.28307.329
MinimumVisualStudioVersion = 10.0.40219.1
Project("{FAE04EC0-301F-11D3-BF4B-00C04F79EFBC}") = "unicorn Sweetness", "unicorn Sweetness\unicorn Sweetness.csproj", "{C5007B89-92DA-48B5-A96E-23CAFC33BFFF}"
EndProject
Global
	GlobalSection(SolutionConfigurationPlatforms) = preSolution
		Debug|x86 = Debug|x86
		Release|x86 = Release|x86
	EndGlobalSection
	GlobalSection(ProjectConfigurationPlatforms) = postSolution
		{C5007B89-92DA-48B5-A96E-23CAFC33BFFF}.Debug|x86.ActiveCfg = Debug|x86
		{C5007B89-92DA-48B5-A96E-23CAFC33BFFF}.Debug|x86.Build.0 = Debug|x86
		{C5007B89-92DA-48B5-A96E-23CAFC33BFFF}.Release|x86.ActiveCfg = Release|x86
		{C5007B89-92DA-48B5-A96E-23CAFC33BFFF}.Release|x86.Build.0 = Release|x86
	EndGlobalSection
	GlobalSection(SolutionProperties) = preSolution
		HideSolutionNode = FALSE
	EndGlobalSection
	GlobalSection(ExtensibilityGlobals) = postSolution
		SolutionGuid = {E4159E20-7FA7-4B0B-867A-4922A329C315}
	EndGlobalSection
EndGlobal
